// !$*UTF8*$!
{
	archiveVersion = 1;
	classes = {
	};
	objectVersion = 50;
	objects = {

/* Begin PBXBuildFile section */
		1F3A813826CFB0B200B64827 /* AppDelegate.swift in Sources */ = {isa = PBXBuildFile; fileRef = 1F3A813726CFB0B200B64827 /* AppDelegate.swift */; };
		1F3A813C26CFB0B200B64827 /* ViewController.swift in Sources */ = {isa = PBXBuildFile; fileRef = 1F3A813B26CFB0B200B64827 /* ViewController.swift */; };
		1F3A813F26CFB0B200B64827 /* Main.storyboard in Resources */ = {isa = PBXBuildFile; fileRef = 1F3A813D26CFB0B200B64827 /* Main.storyboard */; };
		1F3A814126CFB0B700B64827 /* Assets.xcassets in Resources */ = {isa = PBXBuildFile; fileRef = 1F3A814026CFB0B700B64827 /* Assets.xcassets */; };
		1F3A814426CFB0B700B64827 /* LaunchScreen.storyboard in Resources */ = {isa = PBXBuildFile; fileRef = 1F3A814226CFB0B700B64827 /* LaunchScreen.storyboard */; };
		1F3A814D26CFB23100B64827 /* WeatherModel.swift in Sources */ = {isa = PBXBuildFile; fileRef = 1F3A814C26CFB23100B64827 /* WeatherModel.swift */; };
/* End PBXBuildFile section */

/* Begin PBXFileReference section */
		1F3A813426CFB0B200B64827 /* WeatherApp(Combine).app */ = {isa = PBXFileReference; explicitFileType = wrapper.application; includeInIndex = 0; path = "WeatherApp(Combine).app"; sourceTree = BUILT_PRODUCTS_DIR; };
		1F3A813726CFB0B200B64827 /* AppDelegate.swift */ = {isa = PBXFileReference; lastKnownFileType = sourcecode.swift; path = AppDelegate.swift; sourceTree = "<group>"; };
		1F3A813B26CFB0B200B64827 /* ViewController.swift */ = {isa = PBXFileReference; lastKnownFileType = sourcecode.swift; path = ViewController.swift; sourceTree = "<group>"; };
		1F3A813E26CFB0B200B64827 /* Base */ = {isa = PBXFileReference; lastKnownFileType = file.storyboard; name = Base; path = Base.lproj/Main.storyboard; sourceTree = "<group>"; };
		1F3A814026CFB0B700B64827 /* Assets.xcassets */ = {isa = PBXFileReference; lastKnownFileType = folder.assetcatalog; path = Assets.xcassets; sourceTree = "<group>"; };
		1F3A814326CFB0B700B64827 /* Base */ = {isa = PBXFileReference; lastKnownFileType = file.storyboard; name = Base; path = Base.lproj/LaunchScreen.storyboard; sourceTree = "<group>"; };
		1F3A814526CFB0B700B64827 /* Info.plist */ = {isa = PBXFileReference; lastKnownFileType = text.plist.xml; path = Info.plist; sourceTree = "<group>"; };
		1F3A814C26CFB23100B64827 /* WeatherModel.swift */ = {isa = PBXFileReference; lastKnownFileType = sourcecode.swift; path = WeatherModel.swift; sourceTree = "<group>"; };
/* End PBXFileReference section */

/* Begin PBXFrameworksBuildPhase section */
		1F3A813126CFB0B200B64827 /* Frameworks */ = {
			isa = PBXFrameworksBuildPhase;
			buildActionMask = 2147483647;
			files = (
			);
			runOnlyForDeploymentPostprocessing = 0;
		};
/* End PBXFrameworksBuildPhase section */

/* Begin PBXGroup section */
		1F3A812B26CFB0B200B64827 = {
			isa = PBXGroup;
			children = (
				1F3A813626CFB0B200B64827 /* WeatherApp(Combine) */,
				1F3A813526CFB0B200B64827 /* Products */,
			);
			sourceTree = "<group>";
		};
		1F3A813526CFB0B200B64827 /* Products */ = {
			isa = PBXGroup;
			children = (
				1F3A813426CFB0B200B64827 /* WeatherApp(Combine).app */,
			);
			name = Products;
			sourceTree = "<group>";
		};
		1F3A813626CFB0B200B64827 /* WeatherApp(Combine) */ = {
			isa = PBXGroup;
			children = (
				1F3A814B26CFB20400B64827 /* Model */,
				1F3A813726CFB0B200B64827 /* AppDelegate.swift */,
				1F3A813B26CFB0B200B64827 /* ViewController.swift */,
				1F3A813D26CFB0B200B64827 /* Main.storyboard */,
				1F3A814026CFB0B700B64827 /* Assets.xcassets */,
				1F3A814226CFB0B700B64827 /* LaunchScreen.storyboard */,
				1F3A814526CFB0B700B64827 /* Info.plist */,
			);
			path = "WeatherApp(Combine)";
			sourceTree = "<group>";
		};
		1F3A814B26CFB20400B64827 /* Model */ = {
			isa = PBXGroup;
			children = (
				1F3A814C26CFB23100B64827 /* WeatherModel.swift */,
			);
			path = Model;
			sourceTree = "<group>";
		};
/* End PBXGroup section */

/* Begin PBXNativeTarget section */
		1F3A813326CFB0B200B64827 /* WeatherApp(Combine) */ = {
			isa = PBXNativeTarget;
			buildConfigurationList = 1F3A814826CFB0B700B64827 /* Build configuration list for PBXNativeTarget "WeatherApp(Combine)" */;
			buildPhases = (
				1F3A813026CFB0B200B64827 /* Sources */,
				1F3A813126CFB0B200B64827 /* Frameworks */,
				1F3A813226CFB0B200B64827 /* Resources */,
			);
			buildRules = (
			);
			dependencies = (
			);
			name = "WeatherApp(Combine)";
			productName = "WeatherApp(Combine)";
			productReference = 1F3A813426CFB0B200B64827 /* WeatherApp(Combine).app */;
			productType = "com.apple.product-type.application";
		};
/* End PBXNativeTarget section */

/* Begin PBXProject section */
		1F3A812C26CFB0B200B64827 /* Project object */ = {
			isa = PBXProject;
			attributes = {
				LastSwiftUpdateCheck = 1250;
				LastUpgradeCheck = 1250;
				TargetAttributes = {
					1F3A813326CFB0B200B64827 = {
						CreatedOnToolsVersion = 12.5.1;
					};
				};
			};
			buildConfigurationList = 1F3A812F26CFB0B200B64827 /* Build configuration list for PBXProject "WeatherApp(Combine)" */;
			compatibilityVersion = "Xcode 9.3";
			developmentRegion = en;
			hasScannedForEncodings = 0;
			knownRegions = (
				en,
				Base,
			);
			mainGroup = 1F3A812B26CFB0B200B64827;
			productRefGroup = 1F3A813526CFB0B200B64827 /* Products */;
			projectDirPath = "";
			projectRoot = "";
			targets = (
				1F3A813326CFB0B200B64827 /* WeatherApp(Combine) */,
			);
		};
/* End PBXProject section */

/* Begin PBXResourcesBuildPhase section */
		1F3A813226CFB0B200B64827 /* Resources */ = {
			isa = PBXResourcesBuildPhase;
			buildActionMask = 2147483647;
			files = (
				1F3A814426CFB0B700B64827 /* LaunchScreen.storyboard in Resources */,
				1F3A814126CFB0B700B64827 /* Assets.xcassets in Resources */,
				1F3A813F26CFB0B200B64827 /* Main.storyboard in Resources */,
			);
			runOnlyForDeploymentPostprocessing = 0;
		};
/* End PBXResourcesBuildPhase section */

/* Begin PBXSourcesBuildPhase section */
		1F3A813026CFB0B200B64827 /* Sources */ = {
			isa = PBXSourcesBuildPhase;
			buildActionMask = 2147483647;
			files = (
				1F3A813C26CFB0B200B64827 /* ViewController.swift in Sources */,
				1F3A814D26CFB23100B64827 /* WeatherModel.swift in Sources */,
				1F3A813826CFB0B200B64827 /* AppDelegate.swift in Sources */,
			);
			runOnlyForDeploymentPostprocessing = 0;
		};
/* End PBXSourcesBuildPhase section */

/* Begin PBXVariantGroup section */
		1F3A813D26CFB0B200B64827 /* Main.storyboard */ = {
			isa = PBXVariantGroup;
			children = (
				1F3A813E26CFB0B200B64827 /* Base */,
			);
			name = Main.storyboard;
			sourceTree = "<group>";
		};
		1F3A814226CFB0B700B64827 /* LaunchScreen.storyboard */ = {
			isa = PBXVariantGroup;
			children = (
				1F3A814326CFB0B700B64827 /* Base */,
			);
			name = LaunchScreen.storyboard;
			sourceTree = "<group>";
		};
/* End PBXVariantGroup section */

/* Begin XCBuildConfiguration section */
		1F3A814626CFB0B700B64827 /* Debug */ = {
			isa = XCBuildConfiguration;
			buildSettings = {
				ALWAYS_SEARCH_USER_PATHS = NO;
				CLANG_ANALYZER_NONNULL = YES;
				CLANG_ANALYZER_NUMBER_OBJECT_CONVERSION = YES_AGGRESSIVE;
				CLANG_CXX_LANGUAGE_STANDARD = "gnu++14";
				CLANG_CXX_LIBRARY = "libc++";
				CLANG_ENABLE_MODULES = YES;
				CLANG_ENABLE_OBJC_ARC = YES;
				CLANG_ENABLE_OBJC_WEAK = YES;
				CLANG_WARN_BLOCK_CAPTURE_AUTORELEASING = YES;
				CLANG_WARN_BOOL_CONVERSION = YES;
				CLANG_WARN_COMMA = YES;
				CLANG_WARN_CONSTANT_CONVERSION = YES;
				CLANG_WARN_DEPRECATED_OBJC_IMPLEMENTATIONS = YES;
				CLANG_WARN_DIRECT_OBJC_ISA_USAGE = YES_ERROR;
				CLANG_WARN_DOCUMENTATION_COMMENTS = YES;
				CLANG_WARN_EMPTY_BODY = YES;
				CLANG_WARN_ENUM_CONVERSION = YES;
				CLANG_WARN_INFINITE_RECURSION = YES;
				CLANG_WARN_INT_CONVERSION = YES;
				CLANG_WARN_NON_LITERAL_NULL_CONVERSION = YES;
				CLANG_WARN_OBJC_IMPLICIT_RETAIN_SELF = YES;
				CLANG_WARN_OBJC_LITERAL_CONVERSION = YES;
				CLANG_WARN_OBJC_ROOT_CLASS = YES_ERROR;
				CLANG_WARN_QUOTED_INCLUDE_IN_FRAMEWORK_HEADER = YES;
				CLANG_WARN_RANGE_LOOP_ANALYSIS = YES;
				CLANG_WARN_STRICT_PROTOTYPES = YES;
				CLANG_WARN_SUSPICIOUS_MOVE = YES;
				CLANG_WARN_UNGUARDED_AVAILABILITY = YES_AGGRESSIVE;
				CLANG_WARN_UNREACHABLE_CODE = YES;
				CLANG_WARN__DUPLICATE_METHOD_MATCH = YES;
				COPY_PHASE_STRIP = NO;
				DEBUG_INFORMATION_FORMAT = dwarf;
				ENABLE_STRICT_OBJC_MSGSEND = YES;
				ENABLE_TESTABILITY = YES;
				GCC_C_LANGUAGE_STANDARD = gnu11;
				GCC_DYNAMIC_NO_PIC = NO;
				GCC_NO_COMMON_BLOCKS = YES;
				GCC_OPTIMIZATION_LEVEL = 0;
				GCC_PREPROCESSOR_DEFINITIONS = (
					"DEBUG=1",
					"$(inherited)",
				);
				GCC_WARN_64_TO_32_BIT_CONVERSION = YES;
				GCC_WARN_ABOUT_RETURN_TYPE = YES_ERROR;
				GCC_WARN_UNDECLARED_SELECTOR = YES;
				GCC_WARN_UNINITIALIZED_AUTOS = YES_AGGRESSIVE;
				GCC_WARN_UNUSED_FUNCTION = YES;
				GCC_WARN_UNUSED_VARIABLE = YES;
				IPHONEOS_DEPLOYMENT_TARGET = 14.5;
				MTL_ENABLE_DEBUG_INFO = INCLUDE_SOURCE;
				MTL_FAST_MATH = YES;
				ONLY_ACTIVE_ARCH = YES;
				SDKROOT = iphoneos;
				SWIFT_ACTIVE_COMPILATION_CONDITIONS = DEBUG;
				SWIFT_OPTIMIZATION_LEVEL = "-Onone";
			};
			name = Debug;
		};
		1F3A814726CFB0B700B64827 /* Release */ = {
			isa = XCBuildConfiguration;
			buildSettings = {
				ALWAYS_SEARCH_USER_PATHS = NO;
				CLANG_ANALYZER_NONNULL = YES;
				CLANG_ANALYZER_NUMBER_OBJECT_CONVERSION = YES_AGGRESSIVE;
				CLANG_CXX_LANGUAGE_STANDARD = "gnu++14";
				CLANG_CXX_LIBRARY = "libc++";
				CLANG_ENABLE_MODULES = YES;
				CLANG_ENABLE_OBJC_ARC = YES;
				CLANG_ENABLE_OBJC_WEAK = YES;
				CLANG_WARN_BLOCK_CAPTURE_AUTORELEASING = YES;
				CLANG_WARN_BOOL_CONVERSION = YES;
				CLANG_WARN_COMMA = YES;
				CLANG_WARN_CONSTANT_CONVERSION = YES;
				CLANG_WARN_DEPRECATED_OBJC_IMPLEMENTATIONS = YES;
				CLANG_WARN_DIRECT_OBJC_ISA_USAGE = YES_ERROR;
				CLANG_WARN_DOCUMENTATION_COMMENTS = YES;
				CLANG_WARN_EMPTY_BODY = YES;
				CLANG_WARN_ENUM_CONVERSION = YES;
				CLANG_WARN_INFINITE_RECURSION = YES;
				CLANG_WARN_INT_CONVERSION = YES;
				CLANG_WARN_NON_LITERAL_NULL_CONVERSION = YES;
				CLANG_WARN_OBJC_IMPLICIT_RETAIN_SELF = YES;
				CLANG_WARN_OBJC_LITERAL_CONVERSION = YES;
				CLANG_WARN_OBJC_ROOT_CLASS = YES_ERROR;
				CLANG_WARN_QUOTED_INCLUDE_IN_FRAMEWORK_HEADER = YES;
				CLANG_WARN_RANGE_LOOP_ANALYSIS = YES;
				CLANG_WARN_STRICT_PROTOTYPES = YES;
				CLANG_WARN_SUSPICIOUS_MOVE = YES;
				CLANG_WARN_UNGUARDED_AVAILABILITY = YES_AGGRESSIVE;
				CLANG_WARN_UNREACHABLE_CODE = YES;
				CLANG_WARN__DUPLICATE_METHOD_MATCH = YES;
				COPY_PHASE_STRIP = NO;
				DEBUG_INFORMATION_FORMAT = "dwarf-with-dsym";
				ENABLE_NS_ASSERTIONS = NO;
				ENABLE_STRICT_OBJC_MSGSEND = YES;
				GCC_C_LANGUAGE_STANDARD = gnu11;
				GCC_NO_COMMON_BLOCKS = YES;
				GCC_WARN_64_TO_32_BIT_CONVERSION = YES;
				GCC_WARN_ABOUT_RETURN_TYPE = YES_ERROR;
				GCC_WARN_UNDECLARED_SELECTOR = YES;
				GCC_WARN_UNINITIALIZED_AUTOS = YES_AGGRESSIVE;
				GCC_WARN_UNUSED_FUNCTION = YES;
				GCC_WARN_UNUSED_VARIABLE = YES;
				IPHONEOS_DEPLOYMENT_TARGET = 14.5;
				MTL_ENABLE_DEBUG_INFO = NO;
				MTL_FAST_MATH = YES;
				SDKROOT = iphoneos;
				SWIFT_COMPILATION_MODE = wholemodule;
				SWIFT_OPTIMIZATION_LEVEL = "-O";
				VALIDATE_PRODUCT = YES;
			};
			name = Release;
		};
		1F3A814926CFB0B700B64827 /* Debug */ = {
			isa = XCBuildConfiguration;
			buildSettings = {
				ASSETCATALOG_COMPILER_APPICON_NAME = AppIcon;
				ASSETCATALOG_COMPILER_GLOBAL_ACCENT_COLOR_NAME = AccentColor;
				CODE_SIGN_STYLE = Automatic;
				DEVELOPMENT_TEAM = RQCKA5ZH38;
				INFOPLIST_FILE = "WeatherApp(Combine)/Info.plist";
				LD_RUNPATH_SEARCH_PATHS = (
					"$(inherited)",
					"@executable_path/Frameworks",
				);
				PRODUCT_BUNDLE_IDENTIFIER = "com.combine.WeatherApp.WeatherApp-Combine-";
				PRODUCT_NAME = "$(TARGET_NAME)";
				SWIFT_VERSION = 5.0;
				TARGETED_DEVICE_FAMILY = "1,2";
			};
			name = Debug;
		};
		1F3A814A26CFB0B700B64827 /* Release */ = {
			isa = XCBuildConfiguration;
			buildSettings = {
				ASSETCATALOG_COMPILER_APPICON_NAME = AppIcon;
				ASSETCATALOG_COMPILER_GLOBAL_ACCENT_COLOR_NAME = AccentColor;
				CODE_SIGN_STYLE = Automatic;
				DEVELOPMENT_TEAM = RQCKA5ZH38;
				INFOPLIST_FILE = "WeatherApp(Combine)/Info.plist";
				LD_RUNPATH_SEARCH_PATHS = (
					"$(inherited)",
					"@executable_path/Frameworks",
				);
				PRODUCT_BUNDLE_IDENTIFIER = "com.combine.WeatherApp.WeatherApp-Combine-";
				PRODUCT_NAME = "$(TARGET_NAME)";
				SWIFT_VERSION = 5.0;
				TARGETED_DEVICE_FAMILY = "1,2";
			};
			name = Release;
		};
/* End XCBuildConfiguration section */

/* Begin XCConfigurationList section */
		1F3A812F26CFB0B200B64827 /* Build configuration list for PBXProject "WeatherApp(Combine)" */ = {
			isa = XCConfigurationList;
			buildConfigurations = (
				1F3A814626CFB0B700B64827 /* Debug */,
				1F3A814726CFB0B700B64827 /* Release */,
			);
			defaultConfigurationIsVisible = 0;
			defaultConfigurationName = Release;
		};
		1F3A814826CFB0B700B64827 /* Build configuration list for PBXNativeTarget "WeatherApp(Combine)" */ = {
			isa = XCConfigurationList;
			buildConfigurations = (
				1F3A814926CFB0B700B64827 /* Debug */,
				1F3A814A26CFB0B700B64827 /* Release */,
			);
			defaultConfigurationIsVisible = 0;
			defaultConfigurationName = Release;
		};
/* End XCConfigurationList section */
	};
	rootObject = 1F3A812C26CFB0B200B64827 /* Project object */;
}
